// !$*UTF8*$!
{
	archiveVersion = 1;
	classes = {
	};
	objectVersion = 50;
	objects = {

/* Begin PBXBuildFile section */
		71227E37244AB01200F10276 /* AppDelegate.swift in Sources */ = {isa = PBXBuildFile; fileRef = 71227E36244AB01200F10276 /* AppDelegate.swift */; };
		71227E39244AB01200F10276 /* SceneDelegate.swift in Sources */ = {isa = PBXBuildFile; fileRef = 71227E38244AB01200F10276 /* SceneDelegate.swift */; };
		71227E3B244AB01200F10276 /* ViewController.swift in Sources */ = {isa = PBXBuildFile; fileRef = 71227E3A244AB01200F10276 /* ViewController.swift */; };
		71227E3E244AB01200F10276 /* Main.storyboard in Resources */ = {isa = PBXBuildFile; fileRef = 71227E3C244AB01200F10276 /* Main.storyboard */; };
		71227E40244AB01400F10276 /* Assets.xcassets in Resources */ = {isa = PBXBuildFile; fileRef = 71227E3F244AB01400F10276 /* Assets.xcassets */; };
		71227E43244AB01400F10276 /* LaunchScreen.storyboard in Resources */ = {isa = PBXBuildFile; fileRef = 71227E41244AB01400F10276 /* LaunchScreen.storyboard */; };
		71227E53244AB16800F10276 /* note7.wav in Resources */ = {isa = PBXBuildFile; fileRef = 71227E4D244AB16700F10276 /* note7.wav */; };
		71227E54244AB16800F10276 /* note2.wav in Resources */ = {isa = PBXBuildFile; fileRef = 71227E4E244AB16700F10276 /* note2.wav */; };
		71227E55244AB16800F10276 /* note6.wav in Resources */ = {isa = PBXBuildFile; fileRef = 71227E4F244AB16700F10276 /* note6.wav */; };
		71227E56244AB16800F10276 /* note4.wav in Resources */ = {isa = PBXBuildFile; fileRef = 71227E50244AB16700F10276 /* note4.wav */; };
		71227E57244AB16800F10276 /* note3.wav in Resources */ = {isa = PBXBuildFile; fileRef = 71227E51244AB16700F10276 /* note3.wav */; };
		71227E58244AB16800F10276 /* note5.wav in Resources */ = {isa = PBXBuildFile; fileRef = 71227E52244AB16800F10276 /* note5.wav */; };
		71227E5A244AB1B500F10276 /* note1.wav in Resources */ = {isa = PBXBuildFile; fileRef = 71227E59244AB1B500F10276 /* note1.wav */; };
/* End PBXBuildFile section */

/* Begin PBXFileReference section */
		71227E33244AB01200F10276 /* 拨动琴弦.app */ = {isa = PBXFileReference; explicitFileType = wrapper.application; includeInIndex = 0; path = "拨动琴弦.app"; sourceTree = BUILT_PRODUCTS_DIR; };
		71227E36244AB01200F10276 /* AppDelegate.swift */ = {isa = PBXFileReference; lastKnownFileType = sourcecode.swift; path = AppDelegate.swift; sourceTree = "<group>"; };
		71227E38244AB01200F10276 /* SceneDelegate.swift */ = {isa = PBXFileReference; lastKnownFileType = sourcecode.swift; path = SceneDelegate.swift; sourceTree = "<group>"; };
		71227E3A244AB01200F10276 /* ViewController.swift */ = {isa = PBXFileReference; lastKnownFileType = sourcecode.swift; path = ViewController.swift; sourceTree = "<group>"; };
		71227E3D244AB01200F10276 /* Base */ = {isa = PBXFileReference; lastKnownFileType = file.storyboard; name = Base; path = Base.lproj/Main.storyboard; sourceTree = "<group>"; };
		71227E3F244AB01400F10276 /* Assets.xcassets */ = {isa = PBXFileReference; lastKnownFileType = folder.assetcatalog; path = Assets.xcassets; sourceTree = "<group>"; };
		71227E42244AB01400F10276 /* Base */ = {isa = PBXFileReference; lastKnownFileType = file.storyboard; name = Base; path = Base.lproj/LaunchScreen.storyboard; sourceTree = "<group>"; };
		71227E44244AB01400F10276 /* Info.plist */ = {isa = PBXFileReference; lastKnownFileType = text.plist.xml; path = Info.plist; sourceTree = "<group>"; };
		71227E4D244AB16700F10276 /* note7.wav */ = {isa = PBXFileReference; lastKnownFileType = audio.wav; path = note7.wav; sourceTree = "<group>"; };
		71227E4E244AB16700F10276 /* note2.wav */ = {isa = PBXFileReference; lastKnownFileType = audio.wav; path = note2.wav; sourceTree = "<group>"; };
		71227E4F244AB16700F10276 /* note6.wav */ = {isa = PBXFileReference; lastKnownFileType = audio.wav; path = note6.wav; sourceTree = "<group>"; };
		71227E50244AB16700F10276 /* note4.wav */ = {isa = PBXFileReference; lastKnownFileType = audio.wav; path = note4.wav; sourceTree = "<group>"; };
		71227E51244AB16700F10276 /* note3.wav */ = {isa = PBXFileReference; lastKnownFileType = audio.wav; path = note3.wav; sourceTree = "<group>"; };
		71227E52244AB16800F10276 /* note5.wav */ = {isa = PBXFileReference; lastKnownFileType = audio.wav; path = note5.wav; sourceTree = "<group>"; };
		71227E59244AB1B500F10276 /* note1.wav */ = {isa = PBXFileReference; lastKnownFileType = audio.wav; path = note1.wav; sourceTree = "<group>"; };
/* End PBXFileReference section */

/* Begin PBXFrameworksBuildPhase section */
		71227E30244AB01200F10276 /* Frameworks */ = {
			isa = PBXFrameworksBuildPhase;
			buildActionMask = 2147483647;
			files = (
			);
			runOnlyForDeploymentPostprocessing = 0;
		};
/* End PBXFrameworksBuildPhase section */

/* Begin PBXGroup section */
		71227E2A244AB01200F10276 = {
			isa = PBXGroup;
			children = (
				71227E35244AB01200F10276 /* 拨动琴弦 */,
				71227E34244AB01200F10276 /* Products */,
			);
			sourceTree = "<group>";
		};
		71227E34244AB01200F10276 /* Products */ = {
			isa = PBXGroup;
			children = (
				71227E33244AB01200F10276 /* 拨动琴弦.app */,
			);
			name = Products;
			sourceTree = "<group>";
		};
		71227E35244AB01200F10276 /* 拨动琴弦 */ = {
			isa = PBXGroup;
			children = (
				71227E36244AB01200F10276 /* AppDelegate.swift */,
				71227E38244AB01200F10276 /* SceneDelegate.swift */,
				71227E3A244AB01200F10276 /* ViewController.swift */,
				71227E3C244AB01200F10276 /* Main.storyboard */,
				71227E3F244AB01400F10276 /* Assets.xcassets */,
				71227E41244AB01400F10276 /* LaunchScreen.storyboard */,
				71227E44244AB01400F10276 /* Info.plist */,
				71227E4A244AB04F00F10276 /* source */,
			);
			path = "拨动琴弦";
			sourceTree = "<group>";
		};
		71227E4A244AB04F00F10276 /* source */ = {
			isa = PBXGroup;
			children = (
				71227E4E244AB16700F10276 /* note2.wav */,
				71227E51244AB16700F10276 /* note3.wav */,
				71227E50244AB16700F10276 /* note4.wav */,
				71227E52244AB16800F10276 /* note5.wav */,
				71227E59244AB1B500F10276 /* note1.wav */,
				71227E4F244AB16700F10276 /* note6.wav */,
				71227E4D244AB16700F10276 /* note7.wav */,
			);
			path = source;
			sourceTree = "<group>";
		};
/* End PBXGroup section */

/* Begin PBXNativeTarget section */
		71227E32244AB01200F10276 /* 拨动琴弦 */ = {
			isa = PBXNativeTarget;
			buildConfigurationList = 71227E47244AB01400F10276 /* Build configuration list for PBXNativeTarget "拨动琴弦" */;
			buildPhases = (
				71227E2F244AB01200F10276 /* Sources */,
				71227E30244AB01200F10276 /* Frameworks */,
				71227E31244AB01200F10276 /* Resources */,
			);
			buildRules = (
			);
			dependencies = (
			);
			name = "拨动琴弦";
			productName = "拨动琴弦";
			productReference = 71227E33244AB01200F10276 /* 拨动琴弦.app */;
			productType = "com.apple.product-type.application";
		};
/* End PBXNativeTarget section */

/* Begin PBXProject section */
		71227E2B244AB01200F10276 /* Project object */ = {
			isa = PBXProject;
			attributes = {
				LastSwiftUpdateCheck = 1140;
				LastUpgradeCheck = 1140;
				ORGANIZATIONNAME = "Leslie Zhao";
				TargetAttributes = {
					71227E32244AB01200F10276 = {
						CreatedOnToolsVersion = 11.4;
					};
				};
			};
			buildConfigurationList = 71227E2E244AB01200F10276 /* Build configuration list for PBXProject "拨动琴弦" */;
			compatibilityVersion = "Xcode 9.3";
			developmentRegion = en;
			hasScannedForEncodings = 0;
			knownRegions = (
				en,
				Base,
			);
			mainGroup = 71227E2A244AB01200F10276;
			productRefGroup = 71227E34244AB01200F10276 /* Products */;
			projectDirPath = "";
			projectRoot = "";
			targets = (
				71227E32244AB01200F10276 /* 拨动琴弦 */,
			);
		};
/* End PBXProject section */

/* Begin PBXResourcesBuildPhase section */
		71227E31244AB01200F10276 /* Resources */ = {
			isa = PBXResourcesBuildPhase;
			buildActionMask = 2147483647;
			files = (
				71227E58244AB16800F10276 /* note5.wav in Resources */,
				71227E57244AB16800F10276 /* note3.wav in Resources */,
				71227E53244AB16800F10276 /* note7.wav in Resources */,
				71227E43244AB01400F10276 /* LaunchScreen.storyboard in Resources */,
				71227E55244AB16800F10276 /* note6.wav in Resources */,
				71227E54244AB16800F10276 /* note2.wav in Resources */,
				71227E40244AB01400F10276 /* Assets.xcassets in Resources */,
				71227E3E244AB01200F10276 /* Main.storyboard in Resources */,
				71227E5A244AB1B500F10276 /* note1.wav in Resources */,
				71227E56244AB16800F10276 /* note4.wav in Resources */,
			);
			runOnlyForDeploymentPostprocessing = 0;
		};
/* End PBXResourcesBuildPhase section */

/* Begin PBXSourcesBuildPhase section */
		71227E2F244AB01200F10276 /* Sources */ = {
			isa = PBXSourcesBuildPhase;
			buildActionMask = 2147483647;
			files = (
				71227E3B244AB01200F10276 /* ViewController.swift in Sources */,
				71227E37244AB01200F10276 /* AppDelegate.swift in Sources */,
				71227E39244AB01200F10276 /* SceneDelegate.swift in Sources */,
			);
			runOnlyForDeploymentPostprocessing = 0;
		};
/* End PBXSourcesBuildPhase section */

/* Begin PBXVariantGroup section */
		71227E3C244AB01200F10276 /* Main.storyboard */ = {
			isa = PBXVariantGroup;
			children = (
				71227E3D244AB01200F10276 /* Base */,
			);
			name = Main.storyboard;
			sourceTree = "<group>";
		};
		71227E41244AB01400F10276 /* LaunchScreen.storyboard */ = {
			isa = PBXVariantGroup;
			children = (
				71227E42244AB01400F10276 /* Base */,
			);
			name = LaunchScreen.storyboard;
			sourceTree = "<group>";
		};
/* End PBXVariantGroup section */

/* Begin XCBuildConfiguration section */
		71227E45244AB01400F10276 /* Debug */ = {
			isa = XCBuildConfiguration;
			buildSettings = {
				ALWAYS_SEARCH_USER_PATHS = NO;
				CLANG_ANALYZER_NONNULL = YES;
				CLANG_ANALYZER_NUMBER_OBJECT_CONVERSION = YES_AGGRESSIVE;
				CLANG_CXX_LANGUAGE_STANDARD = "gnu++14";
				CLANG_CXX_LIBRARY = "libc++";
				CLANG_ENABLE_MODULES = YES;
				CLANG_ENABLE_OBJC_ARC = YES;
				CLANG_ENABLE_OBJC_WEAK = YES;
				CLANG_WARN_BLOCK_CAPTURE_AUTORELEASING = YES;
				CLANG_WARN_BOOL_CONVERSION = YES;
				CLANG_WARN_COMMA = YES;
				CLANG_WARN_CONSTANT_CONVERSION = YES;
				CLANG_WARN_DEPRECATED_OBJC_IMPLEMENTATIONS = YES;
				CLANG_WARN_DIRECT_OBJC_ISA_USAGE = YES_ERROR;
				CLANG_WARN_DOCUMENTATION_COMMENTS = YES;
				CLANG_WARN_EMPTY_BODY = YES;
				CLANG_WARN_ENUM_CONVERSION = YES;
				CLANG_WARN_INFINITE_RECURSION = YES;
				CLANG_WARN_INT_CONVERSION = YES;
				CLANG_WARN_NON_LITERAL_NULL_CONVERSION = YES;
				CLANG_WARN_OBJC_IMPLICIT_RETAIN_SELF = YES;
				CLANG_WARN_OBJC_LITERAL_CONVERSION = YES;
				CLANG_WARN_OBJC_ROOT_CLASS = YES_ERROR;
				CLANG_WARN_RANGE_LOOP_ANALYSIS = YES;
				CLANG_WARN_STRICT_PROTOTYPES = YES;
				CLANG_WARN_SUSPICIOUS_MOVE = YES;
				CLANG_WARN_UNGUARDED_AVAILABILITY = YES_AGGRESSIVE;
				CLANG_WARN_UNREACHABLE_CODE = YES;
				CLANG_WARN__DUPLICATE_METHOD_MATCH = YES;
				COPY_PHASE_STRIP = NO;
				DEBUG_INFORMATION_FORMAT = dwarf;
				ENABLE_STRICT_OBJC_MSGSEND = YES;
				ENABLE_TESTABILITY = YES;
				GCC_C_LANGUAGE_STANDARD = gnu11;
				GCC_DYNAMIC_NO_PIC = NO;
				GCC_NO_COMMON_BLOCKS = YES;
				GCC_OPTIMIZATION_LEVEL = 0;
				GCC_PREPROCESSOR_DEFINITIONS = (
					"DEBUG=1",
					"$(inherited)",
				);
				GCC_WARN_64_TO_32_BIT_CONVERSION = YES;
				GCC_WARN_ABOUT_RETURN_TYPE = YES_ERROR;
				GCC_WARN_UNDECLARED_SELECTOR = YES;
				GCC_WARN_UNINITIALIZED_AUTOS = YES_AGGRESSIVE;
				GCC_WARN_UNUSED_FUNCTION = YES;
				GCC_WARN_UNUSED_VARIABLE = YES;
				IPHONEOS_DEPLOYMENT_TARGET = 13.4;
				MTL_ENABLE_DEBUG_INFO = INCLUDE_SOURCE;
				MTL_FAST_MATH = YES;
				ONLY_ACTIVE_ARCH = YES;
				SDKROOT = iphoneos;
				SWIFT_ACTIVE_COMPILATION_CONDITIONS = DEBUG;
				SWIFT_OPTIMIZATION_LEVEL = "-Onone";
			};
			name = Debug;
		};
		71227E46244AB01400F10276 /* Release */ = {
			isa = XCBuildConfiguration;
			buildSettings = {
				ALWAYS_SEARCH_USER_PATHS = NO;
				CLANG_ANALYZER_NONNULL = YES;
				CLANG_ANALYZER_NUMBER_OBJECT_CONVERSION = YES_AGGRESSIVE;
				CLANG_CXX_LANGUAGE_STANDARD = "gnu++14";
				CLANG_CXX_LIBRARY = "libc++";
				CLANG_ENABLE_MODULES = YES;
				CLANG_ENABLE_OBJC_ARC = YES;
				CLANG_ENABLE_OBJC_WEAK = YES;
				CLANG_WARN_BLOCK_CAPTURE_AUTORELEASING = YES;
				CLANG_WARN_BOOL_CONVERSION = YES;
				CLANG_WARN_COMMA = YES;
				CLANG_WARN_CONSTANT_CONVERSION = YES;
				CLANG_WARN_DEPRECATED_OBJC_IMPLEMENTATIONS = YES;
				CLANG_WARN_DIRECT_OBJC_ISA_USAGE = YES_ERROR;
				CLANG_WARN_DOCUMENTATION_COMMENTS = YES;
				CLANG_WARN_EMPTY_BODY = YES;
				CLANG_WARN_ENUM_CONVERSION = YES;
				CLANG_WARN_INFINITE_RECURSION = YES;
				CLANG_WARN_INT_CONVERSION = YES;
				CLANG_WARN_NON_LITERAL_NULL_CONVERSION = YES;
				CLANG_WARN_OBJC_IMPLICIT_RETAIN_SELF = YES;
				CLANG_WARN_OBJC_LITERAL_CONVERSION = YES;
				CLANG_WARN_OBJC_ROOT_CLASS = YES_ERROR;
				CLANG_WARN_RANGE_LOOP_ANALYSIS = YES;
				CLANG_WARN_STRICT_PROTOTYPES = YES;
				CLANG_WARN_SUSPICIOUS_MOVE = YES;
				CLANG_WARN_UNGUARDED_AVAILABILITY = YES_AGGRESSIVE;
				CLANG_WARN_UNREACHABLE_CODE = YES;
				CLANG_WARN__DUPLICATE_METHOD_MATCH = YES;
				COPY_PHASE_STRIP = NO;
				DEBUG_INFORMATION_FORMAT = "dwarf-with-dsym";
				ENABLE_NS_ASSERTIONS = NO;
				ENABLE_STRICT_OBJC_MSGSEND = YES;
				GCC_C_LANGUAGE_STANDARD = gnu11;
				GCC_NO_COMMON_BLOCKS = YES;
				GCC_WARN_64_TO_32_BIT_CONVERSION = YES;
				GCC_WARN_ABOUT_RETURN_TYPE = YES_ERROR;
				GCC_WARN_UNDECLARED_SELECTOR = YES;
				GCC_WARN_UNINITIALIZED_AUTOS = YES_AGGRESSIVE;
				GCC_WARN_UNUSED_FUNCTION = YES;
				GCC_WARN_UNUSED_VARIABLE = YES;
				IPHONEOS_DEPLOYMENT_TARGET = 13.4;
				MTL_ENABLE_DEBUG_INFO = NO;
				MTL_FAST_MATH = YES;
				SDKROOT = iphoneos;
				SWIFT_COMPILATION_MODE = wholemodule;
				SWIFT_OPTIMIZATION_LEVEL = "-O";
				VALIDATE_PRODUCT = YES;
			};
			name = Release;
		};
		71227E48244AB01400F10276 /* Debug */ = {
			isa = XCBuildConfiguration;
			buildSettings = {
				ASSETCATALOG_COMPILER_APPICON_NAME = AppIcon;
				CODE_SIGN_STYLE = Automatic;
				DEVELOPMENT_TEAM = 8MJ3G9NZQ2;
				INFOPLIST_FILE = "拨动琴弦/Info.plist";
				IPHONEOS_DEPLOYMENT_TARGET = 13.3;
				LD_RUNPATH_SEARCH_PATHS = (
					"$(inherited)",
					"@executable_path/Frameworks",
				);
				PRODUCT_BUNDLE_IDENTIFIER = "com.leslie.----";
				PRODUCT_NAME = "$(TARGET_NAME)";
				SWIFT_VERSION = 5.0;
				TARGETED_DEVICE_FAMILY = "1,2";
			};
			name = Debug;
		};
		71227E49244AB01400F10276 /* Release */ = {
			isa = XCBuildConfiguration;
			buildSettings = {
				ASSETCATALOG_COMPILER_APPICON_NAME = AppIcon;
				CODE_SIGN_STYLE = Automatic;
				DEVELOPMENT_TEAM = 8MJ3G9NZQ2;
				INFOPLIST_FILE = "拨动琴弦/Info.plist";
				IPHONEOS_DEPLOYMENT_TARGET = 13.3;
				LD_RUNPATH_SEARCH_PATHS = (
					"$(inherited)",
					"@executable_path/Frameworks",
				);
				PRODUCT_BUNDLE_IDENTIFIER = "com.leslie.----";
				PRODUCT_NAME = "$(TARGET_NAME)";
				SWIFT_VERSION = 5.0;
				TARGETED_DEVICE_FAMILY = "1,2";
			};
			name = Release;
		};
/* End XCBuildConfiguration section */

/* Begin XCConfigurationList section */
		71227E2E244AB01200F10276 /* Build configuration list for PBXProject "拨动琴弦" */ = {
			isa = XCConfigurationList;
			buildConfigurations = (
				71227E45244AB01400F10276 /* Debug */,
				71227E46244AB01400F10276 /* Release */,
			);
			defaultConfigurationIsVisible = 0;
			defaultConfigurationName = Release;
		};
		71227E47244AB01400F10276 /* Build configuration list for PBXNativeTarget "拨动琴弦" */ = {
			isa = XCConfigurationList;
			buildConfigurations = (
				71227E48244AB01400F10276 /* Debug */,
				71227E49244AB01400F10276 /* Release */,
			);
			defaultConfigurationIsVisible = 0;
			defaultConfigurationName = Release;
		};
/* End XCConfigurationList section */
	};
	rootObject = 71227E2B244AB01200F10276 /* Project object */;
}
